
Microsoft Visual Studio Solution File, Format Version 12.00
# Visual Studio Version 17
VisualStudioVersion = 17.5.002.0
MinimumVisualStudioVersion = 10.0.40219.1
Project("{9A19103F-16F7-4668-BE54-9A1E7A4F7556}") = "CleanArch.Application", "CleanArch.Application\CleanArch.Application.csproj", "{B7B3549C-2C4A-4CA3-849E-A0F7C7A3389F}"
EndProject
Project("{9A19103F-16F7-4668-BE54-9A1E7A4F7556}") = "CleanArch.Domain", "CleanArch.Domain\CleanArch.Domain.csproj", "{1782D5FB-C1EE-443F-84F8-A772673B66F3}"
EndProject
Project("{9A19103F-16F7-4668-BE54-9A1E7A4F7556}") = "CleanArch.Infra", "CleanArch.Infra\CleanArch.Infra.csproj", "{5525BBB0-6315-4571-9613-84CAA90190CF}"
EndProject
Global
	GlobalSection(SolutionConfigurationPlatforms) = preSolution
		Debug|Any CPU = Debug|Any CPU
		Release|Any CPU = Release|Any CPU
	EndGlobalSection
	GlobalSection(ProjectConfigurationPlatforms) = postSolution
		{B7B3549C-2C4A-4CA3-849E-A0F7C7A3389F}.Debug|Any CPU.ActiveCfg = Debug|Any CPU
		{B7B3549C-2C4A-4CA3-849E-A0F7C7A3389F}.Debug|Any CPU.Build.0 = Debug|Any CPU
		{B7B3549C-2C4A-4CA3-849E-A0F7C7A3389F}.Release|Any CPU.ActiveCfg = Release|Any CPU
		{B7B3549C-2C4A-4CA3-849E-A0F7C7A3389F}.Release|Any CPU.Build.0 = Release|Any CPU
		{1782D5FB-C1EE-443F-84F8-A772673B66F3}.Debug|Any CPU.ActiveCfg = Debug|Any CPU
		{1782D5FB-C1EE-443F-84F8-A772673B66F3}.Debug|Any CPU.Build.0 = Debug|Any CPU
		{1782D5FB-C1EE-443F-84F8-A772673B66F3}.Release|Any CPU.ActiveCfg = Release|Any CPU
		{1782D5FB-C1EE-443F-84F8-A772673B66F3}.Release|Any CPU.Build.0 = Release|Any CPU
		{5525BBB0-6315-4571-9613-84CAA90190CF}.Debug|Any CPU.ActiveCfg = Debug|Any CPU
		{5525BBB0-6315-4571-9613-84CAA90190CF}.Debug|Any CPU.Build.0 = Debug|Any CPU
		{5525BBB0-6315-4571-9613-84CAA90190CF}.Release|Any CPU.ActiveCfg = Release|Any CPU
		{5525BBB0-6315-4571-9613-84CAA90190CF}.Release|Any CPU.Build.0 = Release|Any CPU
	EndGlobalSection
	GlobalSection(SolutionProperties) = preSolution
		HideSolutionNode = FALSE
	EndGlobalSection
	GlobalSection(ExtensibilityGlobals) = postSolution
		SolutionGuid = {4F166B5B-F81B-4FAE-BD7E-5426437162CE}
	EndGlobalSection
EndGlobal
